dependencies:
- name: k3s-authelia
  repository: file://./charts/k3s-authelia
  version: 0.0.1
- name: k3s-openldap
  repository: file://./charts/k3s-openldap
  version: 0.0.1
digest: sha256:d6c623144d4c649bd997aa19e2951ea904ee0918a46712545dcc28b317d1cfaa
generated: "2025-08-09T18:39:24.147583783+02:00"
